// !$*UTF8*$!
{
	archiveVersion = 1;
	classes = {
	};
	objectVersion = 55;
	objects = {

/* Begin PBXBuildFile section */
		A50EDFAF280621630056DCE4 /* FirebaseAnalytics in Frameworks */ = {isa = PBXBuildFile; productRef = A50EDFAE280621630056DCE4 /* FirebaseAnalytics */; };
		A50EDFB1280621630056DCE4 /* FirebaseAnalyticsSwift-Beta in Frameworks */ = {isa = PBXBuildFile; productRef = A50EDFB0280621630056DCE4 /* FirebaseAnalyticsSwift-Beta */; };
		A50EDFB3280621630056DCE4 /* FirebaseAuth in Frameworks */ = {isa = PBXBuildFile; productRef = A50EDFB2280621630056DCE4 /* FirebaseAuth */; };
		A50EDFB5280621630056DCE4 /* FirebaseAuthCombine-Community in Frameworks */ = {isa = PBXBuildFile; productRef = A50EDFB4280621630056DCE4 /* FirebaseAuthCombine-Community */; };
		A50EDFB7280621630056DCE4 /* FirebaseFirestore in Frameworks */ = {isa = PBXBuildFile; productRef = A50EDFB6280621630056DCE4 /* FirebaseFirestore */; };
		A50EDFB9280621630056DCE4 /* FirebaseFirestoreCombine-Community in Frameworks */ = {isa = PBXBuildFile; productRef = A50EDFB8280621630056DCE4 /* FirebaseFirestoreCombine-Community */; };
		A50EDFBB280621630056DCE4 /* FirebaseFirestoreSwift-Beta in Frameworks */ = {isa = PBXBuildFile; productRef = A50EDFBA280621630056DCE4 /* FirebaseFirestoreSwift-Beta */; };
		A521F1EB27EE423200EECF20 /* CandyStoreApp.swift in Sources */ = {isa = PBXBuildFile; fileRef = A521F1EA27EE423200EECF20 /* CandyStoreApp.swift */; };
		A521F1EF27EE423400EECF20 /* Assets.xcassets in Resources */ = {isa = PBXBuildFile; fileRef = A521F1EE27EE423400EECF20 /* Assets.xcassets */; };
		A521F1F227EE423400EECF20 /* Preview Assets.xcassets in Resources */ = {isa = PBXBuildFile; fileRef = A521F1F127EE423400EECF20 /* Preview Assets.xcassets */; };
		A521F1FC27EE423400EECF20 /* CandyStoreTests.swift in Sources */ = {isa = PBXBuildFile; fileRef = A521F1FB27EE423400EECF20 /* CandyStoreTests.swift */; };
		A521F20627EE423400EECF20 /* CandyStoreUITests.swift in Sources */ = {isa = PBXBuildFile; fileRef = A521F20527EE423400EECF20 /* CandyStoreUITests.swift */; };
		A521F20827EE423400EECF20 /* CandyStoreUITestsLaunchTests.swift in Sources */ = {isa = PBXBuildFile; fileRef = A521F20727EE423400EECF20 /* CandyStoreUITestsLaunchTests.swift */; };
		A523455327F81705007AFACC /* AuthenticationService.swift in Sources */ = {isa = PBXBuildFile; fileRef = A523455227F81705007AFACC /* AuthenticationService.swift */; };
		A523455727F81CA1007AFACC /* ShopItemView.swift in Sources */ = {isa = PBXBuildFile; fileRef = A523455627F81CA1007AFACC /* ShopItemView.swift */; };
		A523455B27F838D0007AFACC /* SDWebImageSwiftUI in Frameworks */ = {isa = PBXBuildFile; productRef = A523455A27F838D0007AFACC /* SDWebImageSwiftUI */; };
		A52EB80F28079AA90064F683 /* Candy.swift in Sources */ = {isa = PBXBuildFile; fileRef = A52EB80E28079AA90064F683 /* Candy.swift */; };
		A52EB817280856F50064F683 /* ShopItemViewModel.swift in Sources */ = {isa = PBXBuildFile; fileRef = A52EB816280856F50064F683 /* ShopItemViewModel.swift */; };
		A52EB819280865A60064F683 /* CartItemView.swift in Sources */ = {isa = PBXBuildFile; fileRef = A52EB818280865A60064F683 /* CartItemView.swift */; };
		A52EB81B2808B7310064F683 /* Extensions.swift in Sources */ = {isa = PBXBuildFile; fileRef = A52EB81A2808B7310064F683 /* Extensions.swift */; };
		A54E3EBB27F78252000540D2 /* MainView.swift in Sources */ = {isa = PBXBuildFile; fileRef = A54E3EBA27F78252000540D2 /* MainView.swift */; };
		A54E3EC127F78BD4000540D2 /* ContentView.swift in Sources */ = {isa = PBXBuildFile; fileRef = A54E3EC027F78BD4000540D2 /* ContentView.swift */; };
		A54E3EC627F7C924000540D2 /* Utils.swift in Sources */ = {isa = PBXBuildFile; fileRef = A54E3EC527F7C924000540D2 /* Utils.swift */; };
		A54E3EC927F7D73B000540D2 /* GoogleService-Info.plist in Resources */ = {isa = PBXBuildFile; fileRef = A5B9385927F4E35600F3A9FC /* GoogleService-Info.plist */; };
		A58DC6C327F4EC1800042ABB /* LoginView.swift in Sources */ = {isa = PBXBuildFile; fileRef = A58DC6C227F4EC1800042ABB /* LoginView.swift */; };
		A5A32ABE27FD0F5400DEBE99 /* SignInWithAppleButtonView.swift in Sources */ = {isa = PBXBuildFile; fileRef = A5A32ABD27FD0F5400DEBE99 /* SignInWithAppleButtonView.swift */; };
		A5A32ACE27FD8B0200DEBE99 /* ShopViewModel.swift in Sources */ = {isa = PBXBuildFile; fileRef = A5A32ACD27FD8B0200DEBE99 /* ShopViewModel.swift */; };
		A5B9385A27F4E35600F3A9FC /* GoogleService-Info.plist in Resources */ = {isa = PBXBuildFile; fileRef = A5B9385927F4E35600F3A9FC /* GoogleService-Info.plist */; };
		A5B9387227F4E4D100F3A9FC /* CandyRepository.swift in Sources */ = {isa = PBXBuildFile; fileRef = A5B9387027F4E4D100F3A9FC /* CandyRepository.swift */; };
		A5BCEF67280B110B005BC5D7 /* MenuView.swift in Sources */ = {isa = PBXBuildFile; fileRef = A5BCEF66280B110B005BC5D7 /* MenuView.swift */; };
		A5E5BCF72800B77C0043073D /* ShopView.swift in Sources */ = {isa = PBXBuildFile; fileRef = A5E5BCF62800B77C0043073D /* ShopView.swift */; };
		A5E5BCF92800B7870043073D /* CartView.swift in Sources */ = {isa = PBXBuildFile; fileRef = A5E5BCF82800B7870043073D /* CartView.swift */; };
/* End PBXBuildFile section */

/* Begin PBXContainerItemProxy section */
		A521F1F827EE423400EECF20 /* PBXContainerItemProxy */ = {
			isa = PBXContainerItemProxy;
			containerPortal = A521F1DF27EE423200EECF20 /* Project object */;
			proxyType = 1;
			remoteGlobalIDString = A521F1E627EE423200EECF20;
			remoteInfo = CandyStore;
		};
		A521F20227EE423400EECF20 /* PBXContainerItemProxy */ = {
			isa = PBXContainerItemProxy;
			containerPortal = A521F1DF27EE423200EECF20 /* Project object */;
			proxyType = 1;
			remoteGlobalIDString = A521F1E627EE423200EECF20;
			remoteInfo = CandyStore;
		};
/* End PBXContainerItemProxy section */

/* Begin PBXFileReference section */
		A521F1E727EE423200EECF20 /* CandyStore.app */ = {isa = PBXFileReference; explicitFileType = wrapper.application; includeInIndex = 0; path = CandyStore.app; sourceTree = BUILT_PRODUCTS_DIR; };
		A521F1EA27EE423200EECF20 /* CandyStoreApp.swift */ = {isa = PBXFileReference; lastKnownFileType = sourcecode.swift; path = CandyStoreApp.swift; sourceTree = "<group>"; };
		A521F1EE27EE423400EECF20 /* Assets.xcassets */ = {isa = PBXFileReference; lastKnownFileType = folder.assetcatalog; path = Assets.xcassets; sourceTree = "<group>"; };
		A521F1F127EE423400EECF20 /* Preview Assets.xcassets */ = {isa = PBXFileReference; lastKnownFileType = folder.assetcatalog; path = "Preview Assets.xcassets"; sourceTree = "<group>"; };
		A521F1F727EE423400EECF20 /* CandyStoreTests.xctest */ = {isa = PBXFileReference; explicitFileType = wrapper.cfbundle; includeInIndex = 0; path = CandyStoreTests.xctest; sourceTree = BUILT_PRODUCTS_DIR; };
		A521F1FB27EE423400EECF20 /* CandyStoreTests.swift */ = {isa = PBXFileReference; lastKnownFileType = sourcecode.swift; path = CandyStoreTests.swift; sourceTree = "<group>"; };
		A521F20127EE423400EECF20 /* CandyStoreUITests.xctest */ = {isa = PBXFileReference; explicitFileType = wrapper.cfbundle; includeInIndex = 0; path = CandyStoreUITests.xctest; sourceTree = BUILT_PRODUCTS_DIR; };
		A521F20527EE423400EECF20 /* CandyStoreUITests.swift */ = {isa = PBXFileReference; lastKnownFileType = sourcecode.swift; path = CandyStoreUITests.swift; sourceTree = "<group>"; };
		A521F20727EE423400EECF20 /* CandyStoreUITestsLaunchTests.swift */ = {isa = PBXFileReference; lastKnownFileType = sourcecode.swift; path = CandyStoreUITestsLaunchTests.swift; sourceTree = "<group>"; };
		A523455227F81705007AFACC /* AuthenticationService.swift */ = {isa = PBXFileReference; lastKnownFileType = sourcecode.swift; path = AuthenticationService.swift; sourceTree = "<group>"; };
		A523455627F81CA1007AFACC /* ShopItemView.swift */ = {isa = PBXFileReference; lastKnownFileType = sourcecode.swift; path = ShopItemView.swift; sourceTree = "<group>"; };
		A52EB80E28079AA90064F683 /* Candy.swift */ = {isa = PBXFileReference; fileEncoding = 4; lastKnownFileType = sourcecode.swift; path = Candy.swift; sourceTree = "<group>"; };
		A52EB816280856F50064F683 /* ShopItemViewModel.swift */ = {isa = PBXFileReference; lastKnownFileType = sourcecode.swift; path = ShopItemViewModel.swift; sourceTree = "<group>"; };
		A52EB818280865A60064F683 /* CartItemView.swift */ = {isa = PBXFileReference; lastKnownFileType = sourcecode.swift; path = CartItemView.swift; sourceTree = "<group>"; };
		A52EB81A2808B7310064F683 /* Extensions.swift */ = {isa = PBXFileReference; lastKnownFileType = sourcecode.swift; path = Extensions.swift; sourceTree = "<group>"; };
		A54E3EBA27F78252000540D2 /* MainView.swift */ = {isa = PBXFileReference; lastKnownFileType = sourcecode.swift; path = MainView.swift; sourceTree = "<group>"; };
		A54E3EC027F78BD4000540D2 /* ContentView.swift */ = {isa = PBXFileReference; lastKnownFileType = sourcecode.swift; path = ContentView.swift; sourceTree = "<group>"; };
		A54E3EC527F7C924000540D2 /* Utils.swift */ = {isa = PBXFileReference; lastKnownFileType = sourcecode.swift; path = Utils.swift; sourceTree = "<group>"; };
		A54E3ECB27F7DAA3000540D2 /* Info.plist */ = {isa = PBXFileReference; lastKnownFileType = text.plist; path = Info.plist; sourceTree = "<group>"; };
		A58DC6C227F4EC1800042ABB /* LoginView.swift */ = {isa = PBXFileReference; lastKnownFileType = sourcecode.swift; path = LoginView.swift; sourceTree = "<group>"; };
		A5A32ABD27FD0F5400DEBE99 /* SignInWithAppleButtonView.swift */ = {isa = PBXFileReference; lastKnownFileType = sourcecode.swift; path = SignInWithAppleButtonView.swift; sourceTree = "<group>"; };
		A5A32ACD27FD8B0200DEBE99 /* ShopViewModel.swift */ = {isa = PBXFileReference; lastKnownFileType = sourcecode.swift; path = ShopViewModel.swift; sourceTree = "<group>"; };
		A5B9385927F4E35600F3A9FC /* GoogleService-Info.plist */ = {isa = PBXFileReference; fileEncoding = 4; lastKnownFileType = text.plist.xml; path = "GoogleService-Info.plist"; sourceTree = "<group>"; };
		A5B9387027F4E4D100F3A9FC /* CandyRepository.swift */ = {isa = PBXFileReference; fileEncoding = 4; lastKnownFileType = sourcecode.swift; path = CandyRepository.swift; sourceTree = "<group>"; };
		A5BCEF66280B110B005BC5D7 /* MenuView.swift */ = {isa = PBXFileReference; lastKnownFileType = sourcecode.swift; path = MenuView.swift; sourceTree = "<group>"; };
		A5E5BCF62800B77C0043073D /* ShopView.swift */ = {isa = PBXFileReference; lastKnownFileType = sourcecode.swift; path = ShopView.swift; sourceTree = "<group>"; };
		A5E5BCF82800B7870043073D /* CartView.swift */ = {isa = PBXFileReference; lastKnownFileType = sourcecode.swift; path = CartView.swift; sourceTree = "<group>"; };
/* End PBXFileReference section */

/* Begin PBXFrameworksBuildPhase section */
		A521F1E427EE423200EECF20 /* Frameworks */ = {
			isa = PBXFrameworksBuildPhase;
			buildActionMask = 2147483647;
			files = (
				A50EDFB1280621630056DCE4 /* FirebaseAnalyticsSwift-Beta in Frameworks */,
				A50EDFAF280621630056DCE4 /* FirebaseAnalytics in Frameworks */,
				A523455B27F838D0007AFACC /* SDWebImageSwiftUI in Frameworks */,
				A50EDFB3280621630056DCE4 /* FirebaseAuth in Frameworks */,
				A50EDFB5280621630056DCE4 /* FirebaseAuthCombine-Community in Frameworks */,
				A50EDFBB280621630056DCE4 /* FirebaseFirestoreSwift-Beta in Frameworks */,
				A50EDFB7280621630056DCE4 /* FirebaseFirestore in Frameworks */,
				A50EDFB9280621630056DCE4 /* FirebaseFirestoreCombine-Community in Frameworks */,
			);
			runOnlyForDeploymentPostprocessing = 0;
		};
		A521F1F427EE423400EECF20 /* Frameworks */ = {
			isa = PBXFrameworksBuildPhase;
			buildActionMask = 2147483647;
			files = (
			);
			runOnlyForDeploymentPostprocessing = 0;
		};
		A521F1FE27EE423400EECF20 /* Frameworks */ = {
			isa = PBXFrameworksBuildPhase;
			buildActionMask = 2147483647;
			files = (
			);
			runOnlyForDeploymentPostprocessing = 0;
		};
/* End PBXFrameworksBuildPhase section */

/* Begin PBXGroup section */
		A521F1DE27EE423200EECF20 = {
			isa = PBXGroup;
			children = (
				A521F1E927EE423200EECF20 /* CandyStore */,
				A521F1FA27EE423400EECF20 /* CandyStoreTests */,
				A521F20427EE423400EECF20 /* CandyStoreUITests */,
				A521F1E827EE423200EECF20 /* Products */,
			);
			sourceTree = "<group>";
		};
		A521F1E827EE423200EECF20 /* Products */ = {
			isa = PBXGroup;
			children = (
				A521F1E727EE423200EECF20 /* CandyStore.app */,
				A521F1F727EE423400EECF20 /* CandyStoreTests.xctest */,
				A521F20127EE423400EECF20 /* CandyStoreUITests.xctest */,
			);
			name = Products;
			sourceTree = "<group>";
		};
		A521F1E927EE423200EECF20 /* CandyStore */ = {
			isa = PBXGroup;
			children = (
				A54E3ECB27F7DAA3000540D2 /* Info.plist */,
				A521F1EA27EE423200EECF20 /* CandyStoreApp.swift */,
				A523455127F816C6007AFACC /* Services */,
				A5B9386E27F4E4CC00F3A9FC /* Repositories */,
				A5B9385C27F4E3AA00F3A9FC /* ViewModels */,
				A5B9385B27F4E3A100F3A9FC /* Views */,
				A5B9385D27F4E3B400F3A9FC /* Models */,
				A54E3EC427F7C913000540D2 /* Utils */,
				A5B9385927F4E35600F3A9FC /* GoogleService-Info.plist */,
				A521F1EE27EE423400EECF20 /* Assets.xcassets */,
				A521F1F027EE423400EECF20 /* Preview Content */,
			);
			path = CandyStore;
			sourceTree = "<group>";
		};
		A521F1F027EE423400EECF20 /* Preview Content */ = {
			isa = PBXGroup;
			children = (
				A521F1F127EE423400EECF20 /* Preview Assets.xcassets */,
			);
			path = "Preview Content";
			sourceTree = "<group>";
		};
		A521F1FA27EE423400EECF20 /* CandyStoreTests */ = {
			isa = PBXGroup;
			children = (
				A521F1FB27EE423400EECF20 /* CandyStoreTests.swift */,
			);
			path = CandyStoreTests;
			sourceTree = "<group>";
		};
		A521F20427EE423400EECF20 /* CandyStoreUITests */ = {
			isa = PBXGroup;
			children = (
				A521F20527EE423400EECF20 /* CandyStoreUITests.swift */,
				A521F20727EE423400EECF20 /* CandyStoreUITestsLaunchTests.swift */,
			);
			path = CandyStoreUITests;
			sourceTree = "<group>";
		};
		A523455127F816C6007AFACC /* Services */ = {
			isa = PBXGroup;
			children = (
				A523455227F81705007AFACC /* AuthenticationService.swift */,
			);
			path = Services;
			sourceTree = "<group>";
		};
		A54E3EC427F7C913000540D2 /* Utils */ = {
			isa = PBXGroup;
			children = (
				A54E3EC527F7C924000540D2 /* Utils.swift */,
				A52EB81A2808B7310064F683 /* Extensions.swift */,
			);
			path = Utils;
			sourceTree = "<group>";
		};
		A5B9385B27F4E3A100F3A9FC /* Views */ = {
			isa = PBXGroup;
			children = (
				A54E3EC027F78BD4000540D2 /* ContentView.swift */,
				A5E5BCF12800B6F70043073D /* Login */,
				A5E5BCF22800B7040043073D /* MainView */,
				A5BCEF65280B10FC005BC5D7 /* Menu */,
			);
			path = Views;
			sourceTree = "<group>";
		};
		A5B9385C27F4E3AA00F3A9FC /* ViewModels */ = {
			isa = PBXGroup;
			children = (
				A5A32ACD27FD8B0200DEBE99 /* ShopViewModel.swift */,
				A52EB816280856F50064F683 /* ShopItemViewModel.swift */,
			);
			path = ViewModels;
			sourceTree = "<group>";
		};
		A5B9385D27F4E3B400F3A9FC /* Models */ = {
			isa = PBXGroup;
			children = (
				A52EB80E28079AA90064F683 /* Candy.swift */,
			);
			path = Models;
			sourceTree = "<group>";
		};
		A5B9386E27F4E4CC00F3A9FC /* Repositories */ = {
			isa = PBXGroup;
			children = (
				A5B9387027F4E4D100F3A9FC /* CandyRepository.swift */,
			);
			path = Repositories;
			sourceTree = "<group>";
		};
		A5BCEF65280B10FC005BC5D7 /* Menu */ = {
			isa = PBXGroup;
			children = (
				A5BCEF66280B110B005BC5D7 /* MenuView.swift */,
			);
			path = Menu;
			sourceTree = "<group>";
		};
		A5E5BCF12800B6F70043073D /* Login */ = {
			isa = PBXGroup;
			children = (
				A58DC6C227F4EC1800042ABB /* LoginView.swift */,
				A5A32ABD27FD0F5400DEBE99 /* SignInWithAppleButtonView.swift */,
			);
			path = Login;
			sourceTree = "<group>";
		};
		A5E5BCF22800B7040043073D /* MainView */ = {
			isa = PBXGroup;
			children = (
				A54E3EBA27F78252000540D2 /* MainView.swift */,
				A5E5BCF32800B71E0043073D /* ProductList */,
				A5E5BCF42800B72F0043073D /* Cart */,
			);
			path = MainView;
			sourceTree = "<group>";
		};
		A5E5BCF32800B71E0043073D /* ProductList */ = {
			isa = PBXGroup;
			children = (
				A5E5BCF62800B77C0043073D /* ShopView.swift */,
				A523455627F81CA1007AFACC /* ShopItemView.swift */,
			);
			path = ProductList;
			sourceTree = "<group>";
		};
		A5E5BCF42800B72F0043073D /* Cart */ = {
			isa = PBXGroup;
			children = (
				A5E5BCF82800B7870043073D /* CartView.swift */,
				A52EB818280865A60064F683 /* CartItemView.swift */,
			);
			path = Cart;
			sourceTree = "<group>";
		};
/* End PBXGroup section */

/* Begin PBXNativeTarget section */
		A521F1E627EE423200EECF20 /* CandyStore */ = {
			isa = PBXNativeTarget;
			buildConfigurationList = A521F20B27EE423400EECF20 /* Build configuration list for PBXNativeTarget "CandyStore" */;
			buildPhases = (
				A521F1E327EE423200EECF20 /* Sources */,
				A521F1E427EE423200EECF20 /* Frameworks */,
				A521F1E527EE423200EECF20 /* Resources */,
			);
			buildRules = (
			);
			dependencies = (
			);
			name = CandyStore;
			packageProductDependencies = (
				A523455A27F838D0007AFACC /* SDWebImageSwiftUI */,
				A50EDFAE280621630056DCE4 /* FirebaseAnalytics */,
				A50EDFB0280621630056DCE4 /* FirebaseAnalyticsSwift-Beta */,
				A50EDFB2280621630056DCE4 /* FirebaseAuth */,
				A50EDFB4280621630056DCE4 /* FirebaseAuthCombine-Community */,
				A50EDFB6280621630056DCE4 /* FirebaseFirestore */,
				A50EDFB8280621630056DCE4 /* FirebaseFirestoreCombine-Community */,
				A50EDFBA280621630056DCE4 /* FirebaseFirestoreSwift-Beta */,
			);
			productName = CandyStore;
			productReference = A521F1E727EE423200EECF20 /* CandyStore.app */;
			productType = "com.apple.product-type.application";
		};
		A521F1F627EE423400EECF20 /* CandyStoreTests */ = {
			isa = PBXNativeTarget;
			buildConfigurationList = A521F20E27EE423400EECF20 /* Build configuration list for PBXNativeTarget "CandyStoreTests" */;
			buildPhases = (
				A521F1F327EE423400EECF20 /* Sources */,
				A521F1F427EE423400EECF20 /* Frameworks */,
				A521F1F527EE423400EECF20 /* Resources */,
			);
			buildRules = (
			);
			dependencies = (
				A521F1F927EE423400EECF20 /* PBXTargetDependency */,
			);
			name = CandyStoreTests;
			productName = CandyStoreTests;
			productReference = A521F1F727EE423400EECF20 /* CandyStoreTests.xctest */;
			productType = "com.apple.product-type.bundle.unit-test";
		};
		A521F20027EE423400EECF20 /* CandyStoreUITests */ = {
			isa = PBXNativeTarget;
			buildConfigurationList = A521F21127EE423400EECF20 /* Build configuration list for PBXNativeTarget "CandyStoreUITests" */;
			buildPhases = (
				A521F1FD27EE423400EECF20 /* Sources */,
				A521F1FE27EE423400EECF20 /* Frameworks */,
				A521F1FF27EE423400EECF20 /* Resources */,
			);
			buildRules = (
			);
			dependencies = (
				A521F20327EE423400EECF20 /* PBXTargetDependency */,
			);
			name = CandyStoreUITests;
			productName = CandyStoreUITests;
			productReference = A521F20127EE423400EECF20 /* CandyStoreUITests.xctest */;
			productType = "com.apple.product-type.bundle.ui-testing";
		};
/* End PBXNativeTarget section */

/* Begin PBXProject section */
		A521F1DF27EE423200EECF20 /* Project object */ = {
			isa = PBXProject;
			attributes = {
				BuildIndependentTargetsInParallel = 1;
				LastSwiftUpdateCheck = 1330;
				LastUpgradeCheck = 1330;
				TargetAttributes = {
					A521F1E627EE423200EECF20 = {
						CreatedOnToolsVersion = 13.3;
					};
					A521F1F627EE423400EECF20 = {
						CreatedOnToolsVersion = 13.3;
						TestTargetID = A521F1E627EE423200EECF20;
					};
					A521F20027EE423400EECF20 = {
						CreatedOnToolsVersion = 13.3;
						TestTargetID = A521F1E627EE423200EECF20;
					};
				};
			};
			buildConfigurationList = A521F1E227EE423200EECF20 /* Build configuration list for PBXProject "CandyStore" */;
			compatibilityVersion = "Xcode 13.0";
			developmentRegion = en;
			hasScannedForEncodings = 0;
			knownRegions = (
				en,
				Base,
			);
			mainGroup = A521F1DE27EE423200EECF20;
			packageReferences = (
				A523455927F838D0007AFACC /* XCRemoteSwiftPackageReference "SDWebImageSwiftUI" */,
				A50EDFAD280621630056DCE4 /* XCRemoteSwiftPackageReference "firebase-ios-sdk" */,
			);
			productRefGroup = A521F1E827EE423200EECF20 /* Products */;
			projectDirPath = "";
			projectRoot = "";
			targets = (
				A521F1E627EE423200EECF20 /* CandyStore */,
				A521F1F627EE423400EECF20 /* CandyStoreTests */,
				A521F20027EE423400EECF20 /* CandyStoreUITests */,
			);
		};
/* End PBXProject section */

/* Begin PBXResourcesBuildPhase section */
		A521F1E527EE423200EECF20 /* Resources */ = {
			isa = PBXResourcesBuildPhase;
			buildActionMask = 2147483647;
			files = (
				A521F1F227EE423400EECF20 /* Preview Assets.xcassets in Resources */,
				A521F1EF27EE423400EECF20 /* Assets.xcassets in Resources */,
				A5B9385A27F4E35600F3A9FC /* GoogleService-Info.plist in Resources */,
			);
			runOnlyForDeploymentPostprocessing = 0;
		};
		A521F1F527EE423400EECF20 /* Resources */ = {
			isa = PBXResourcesBuildPhase;
			buildActionMask = 2147483647;
			files = (
				A54E3EC927F7D73B000540D2 /* GoogleService-Info.plist in Resources */,
			);
			runOnlyForDeploymentPostprocessing = 0;
		};
		A521F1FF27EE423400EECF20 /* Resources */ = {
			isa = PBXResourcesBuildPhase;
			buildActionMask = 2147483647;
			files = (
			);
			runOnlyForDeploymentPostprocessing = 0;
		};
/* End PBXResourcesBuildPhase section */

/* Begin PBXSourcesBuildPhase section */
		A521F1E327EE423200EECF20 /* Sources */ = {
			isa = PBXSourcesBuildPhase;
			buildActionMask = 2147483647;
			files = (
				A54E3EBB27F78252000540D2 /* MainView.swift in Sources */,
				A5E5BCF72800B77C0043073D /* ShopView.swift in Sources */,
				A5E5BCF92800B7870043073D /* CartView.swift in Sources */,
				A5B9387227F4E4D100F3A9FC /* CandyRepository.swift in Sources */,
				A52EB80F28079AA90064F683 /* Candy.swift in Sources */,
				A52EB819280865A60064F683 /* CartItemView.swift in Sources */,
				A52EB817280856F50064F683 /* ShopItemViewModel.swift in Sources */,
				A58DC6C327F4EC1800042ABB /* LoginView.swift in Sources */,
				A5BCEF67280B110B005BC5D7 /* MenuView.swift in Sources */,
				A5A32ABE27FD0F5400DEBE99 /* SignInWithAppleButtonView.swift in Sources */,
				A523455327F81705007AFACC /* AuthenticationService.swift in Sources */,
				A521F1EB27EE423200EECF20 /* CandyStoreApp.swift in Sources */,
				A523455727F81CA1007AFACC /* ShopItemView.swift in Sources */,
				A54E3EC627F7C924000540D2 /* Utils.swift in Sources */,
				A52EB81B2808B7310064F683 /* Extensions.swift in Sources */,
				A54E3EC127F78BD4000540D2 /* ContentView.swift in Sources */,
				A5A32ACE27FD8B0200DEBE99 /* ShopViewModel.swift in Sources */,
			);
			runOnlyForDeploymentPostprocessing = 0;
		};
		A521F1F327EE423400EECF20 /* Sources */ = {
			isa = PBXSourcesBuildPhase;
			buildActionMask = 2147483647;
			files = (
				A521F1FC27EE423400EECF20 /* CandyStoreTests.swift in Sources */,
			);
			runOnlyForDeploymentPostprocessing = 0;
		};
		A521F1FD27EE423400EECF20 /* Sources */ = {
			isa = PBXSourcesBuildPhase;
			buildActionMask = 2147483647;
			files = (
				A521F20827EE423400EECF20 /* CandyStoreUITestsLaunchTests.swift in Sources */,
				A521F20627EE423400EECF20 /* CandyStoreUITests.swift in Sources */,
			);
			runOnlyForDeploymentPostprocessing = 0;
		};
/* End PBXSourcesBuildPhase section */

/* Begin PBXTargetDependency section */
		A521F1F927EE423400EECF20 /* PBXTargetDependency */ = {
			isa = PBXTargetDependency;
			target = A521F1E627EE423200EECF20 /* CandyStore */;
			targetProxy = A521F1F827EE423400EECF20 /* PBXContainerItemProxy */;
		};
		A521F20327EE423400EECF20 /* PBXTargetDependency */ = {
			isa = PBXTargetDependency;
			target = A521F1E627EE423200EECF20 /* CandyStore */;
			targetProxy = A521F20227EE423400EECF20 /* PBXContainerItemProxy */;
		};
/* End PBXTargetDependency section */

/* Begin XCBuildConfiguration section */
		A521F20927EE423400EECF20 /* Debug */ = {
			isa = XCBuildConfiguration;
			buildSettings = {
				ALWAYS_SEARCH_USER_PATHS = NO;
				CLANG_ANALYZER_NONNULL = YES;
				CLANG_ANALYZER_NUMBER_OBJECT_CONVERSION = YES_AGGRESSIVE;
				CLANG_CXX_LANGUAGE_STANDARD = "gnu++17";
				CLANG_ENABLE_MODULES = YES;
				CLANG_ENABLE_OBJC_ARC = YES;
				CLANG_ENABLE_OBJC_WEAK = YES;
				CLANG_WARN_BLOCK_CAPTURE_AUTORELEASING = YES;
				CLANG_WARN_BOOL_CONVERSION = YES;
				CLANG_WARN_COMMA = YES;
				CLANG_WARN_CONSTANT_CONVERSION = YES;
				CLANG_WARN_DEPRECATED_OBJC_IMPLEMENTATIONS = YES;
				CLANG_WARN_DIRECT_OBJC_ISA_USAGE = YES_ERROR;
				CLANG_WARN_DOCUMENTATION_COMMENTS = YES;
				CLANG_WARN_EMPTY_BODY = YES;
				CLANG_WARN_ENUM_CONVERSION = YES;
				CLANG_WARN_INFINITE_RECURSION = YES;
				CLANG_WARN_INT_CONVERSION = YES;
				CLANG_WARN_NON_LITERAL_NULL_CONVERSION = YES;
				CLANG_WARN_OBJC_IMPLICIT_RETAIN_SELF = YES;
				CLANG_WARN_OBJC_LITERAL_CONVERSION = YES;
				CLANG_WARN_OBJC_ROOT_CLASS = YES_ERROR;
				CLANG_WARN_QUOTED_INCLUDE_IN_FRAMEWORK_HEADER = YES;
				CLANG_WARN_RANGE_LOOP_ANALYSIS = YES;
				CLANG_WARN_STRICT_PROTOTYPES = YES;
				CLANG_WARN_SUSPICIOUS_MOVE = YES;
				CLANG_WARN_UNGUARDED_AVAILABILITY = YES_AGGRESSIVE;
				CLANG_WARN_UNREACHABLE_CODE = YES;
				CLANG_WARN__DUPLICATE_METHOD_MATCH = YES;
				COPY_PHASE_STRIP = NO;
				DEBUG_INFORMATION_FORMAT = dwarf;
				ENABLE_STRICT_OBJC_MSGSEND = YES;
				ENABLE_TESTABILITY = YES;
				GCC_C_LANGUAGE_STANDARD = gnu11;
				GCC_DYNAMIC_NO_PIC = NO;
				GCC_NO_COMMON_BLOCKS = YES;
				GCC_OPTIMIZATION_LEVEL = 0;
				GCC_PREPROCESSOR_DEFINITIONS = (
					"DEBUG=1",
					"$(inherited)",
				);
				GCC_WARN_64_TO_32_BIT_CONVERSION = YES;
				GCC_WARN_ABOUT_RETURN_TYPE = YES_ERROR;
				GCC_WARN_UNDECLARED_SELECTOR = YES;
				GCC_WARN_UNINITIALIZED_AUTOS = YES_AGGRESSIVE;
				GCC_WARN_UNUSED_FUNCTION = YES;
				GCC_WARN_UNUSED_VARIABLE = YES;
				IPHONEOS_DEPLOYMENT_TARGET = 14.1;
				MTL_ENABLE_DEBUG_INFO = INCLUDE_SOURCE;
				MTL_FAST_MATH = YES;
				ONLY_ACTIVE_ARCH = YES;
				SDKROOT = iphoneos;
				SWIFT_ACTIVE_COMPILATION_CONDITIONS = DEBUG;
				SWIFT_OPTIMIZATION_LEVEL = "-Onone";
			};
			name = Debug;
		};
		A521F20A27EE423400EECF20 /* Release */ = {
			isa = XCBuildConfiguration;
			buildSettings = {
				ALWAYS_SEARCH_USER_PATHS = NO;
				CLANG_ANALYZER_NONNULL = YES;
				CLANG_ANALYZER_NUMBER_OBJECT_CONVERSION = YES_AGGRESSIVE;
				CLANG_CXX_LANGUAGE_STANDARD = "gnu++17";
				CLANG_ENABLE_MODULES = YES;
				CLANG_ENABLE_OBJC_ARC = YES;
				CLANG_ENABLE_OBJC_WEAK = YES;
				CLANG_WARN_BLOCK_CAPTURE_AUTORELEASING = YES;
				CLANG_WARN_BOOL_CONVERSION = YES;
				CLANG_WARN_COMMA = YES;
				CLANG_WARN_CONSTANT_CONVERSION = YES;
				CLANG_WARN_DEPRECATED_OBJC_IMPLEMENTATIONS = YES;
				CLANG_WARN_DIRECT_OBJC_ISA_USAGE = YES_ERROR;
				CLANG_WARN_DOCUMENTATION_COMMENTS = YES;
				CLANG_WARN_EMPTY_BODY = YES;
				CLANG_WARN_ENUM_CONVERSION = YES;
				CLANG_WARN_INFINITE_RECURSION = YES;
				CLANG_WARN_INT_CONVERSION = YES;
				CLANG_WARN_NON_LITERAL_NULL_CONVERSION = YES;
				CLANG_WARN_OBJC_IMPLICIT_RETAIN_SELF = YES;
				CLANG_WARN_OBJC_LITERAL_CONVERSION = YES;
				CLANG_WARN_OBJC_ROOT_CLASS = YES_ERROR;
				CLANG_WARN_QUOTED_INCLUDE_IN_FRAMEWORK_HEADER = YES;
				CLANG_WARN_RANGE_LOOP_ANALYSIS = YES;
				CLANG_WARN_STRICT_PROTOTYPES = YES;
				CLANG_WARN_SUSPICIOUS_MOVE = YES;
				CLANG_WARN_UNGUARDED_AVAILABILITY = YES_AGGRESSIVE;
				CLANG_WARN_UNREACHABLE_CODE = YES;
				CLANG_WARN__DUPLICATE_METHOD_MATCH = YES;
				COPY_PHASE_STRIP = NO;
				DEBUG_INFORMATION_FORMAT = "dwarf-with-dsym";
				ENABLE_NS_ASSERTIONS = NO;
				ENABLE_STRICT_OBJC_MSGSEND = YES;
				GCC_C_LANGUAGE_STANDARD = gnu11;
				GCC_NO_COMMON_BLOCKS = YES;
				GCC_WARN_64_TO_32_BIT_CONVERSION = YES;
				GCC_WARN_ABOUT_RETURN_TYPE = YES_ERROR;
				GCC_WARN_UNDECLARED_SELECTOR = YES;
				GCC_WARN_UNINITIALIZED_AUTOS = YES_AGGRESSIVE;
				GCC_WARN_UNUSED_FUNCTION = YES;
				GCC_WARN_UNUSED_VARIABLE = YES;
				IPHONEOS_DEPLOYMENT_TARGET = 14.1;
				MTL_ENABLE_DEBUG_INFO = NO;
				MTL_FAST_MATH = YES;
				SDKROOT = iphoneos;
				SWIFT_COMPILATION_MODE = wholemodule;
				SWIFT_OPTIMIZATION_LEVEL = "-O";
				VALIDATE_PRODUCT = YES;
			};
			name = Release;
		};
		A521F20C27EE423400EECF20 /* Debug */ = {
			isa = XCBuildConfiguration;
			buildSettings = {
				ASSETCATALOG_COMPILER_APPICON_NAME = AppIcon;
				ASSETCATALOG_COMPILER_GLOBAL_ACCENT_COLOR_NAME = AccentColor;
				ASSETCATALOG_COMPILER_INCLUDE_ALL_APPICON_ASSETS = YES;
				CODE_SIGN_ENTITLEMENTS = CandyStore/CandyStore.entitlements;
				CODE_SIGN_IDENTITY = "Apple Development";
				CODE_SIGN_STYLE = Automatic;
				CURRENT_PROJECT_VERSION = 1;
				DEVELOPMENT_ASSET_PATHS = "\"CandyStore/Preview Content\"";
				DEVELOPMENT_TEAM = 4ANQ3N3WT4;
				ENABLE_PREVIEWS = YES;
				GENERATE_INFOPLIST_FILE = YES;
				INFOPLIST_FILE = CandyStore/Info.plist;
				INFOPLIST_KEY_UIApplicationSceneManifest_Generation = YES;
				INFOPLIST_KEY_UIApplicationSupportsIndirectInputEvents = YES;
				INFOPLIST_KEY_UILaunchScreen_Generation = YES;
				INFOPLIST_KEY_UIStatusBarHidden = YES;
				INFOPLIST_KEY_UISupportedInterfaceOrientations = UIInterfaceOrientationPortrait;
				INFOPLIST_KEY_UISupportedInterfaceOrientations_iPad = "UIInterfaceOrientationPortrait UIInterfaceOrientationPortraitUpsideDown UIInterfaceOrientationLandscapeLeft UIInterfaceOrientationLandscapeRight";
				INFOPLIST_KEY_UISupportedInterfaceOrientations_iPhone = "UIInterfaceOrientationPortrait UIInterfaceOrientationLandscapeLeft UIInterfaceOrientationLandscapeRight";
				LD_RUNPATH_SEARCH_PATHS = (
					"$(inherited)",
					"@executable_path/Frameworks",
				);
				MARKETING_VERSION = 1.0;
				PRODUCT_BUNDLE_IDENTIFIER = com.michaelmade.candystore;
				PRODUCT_NAME = "$(TARGET_NAME)";
				PROVISIONING_PROFILE_SPECIFIER = "";
				SWIFT_EMIT_LOC_STRINGS = YES;
				SWIFT_VERSION = 5.0;
				TARGETED_DEVICE_FAMILY = 1;
			};
			name = Debug;
		};
		A521F20D27EE423400EECF20 /* Release */ = {
			isa = XCBuildConfiguration;
			buildSettings = {
				ASSETCATALOG_COMPILER_APPICON_NAME = AppIcon;
				ASSETCATALOG_COMPILER_GLOBAL_ACCENT_COLOR_NAME = AccentColor;
				ASSETCATALOG_COMPILER_INCLUDE_ALL_APPICON_ASSETS = YES;
				CODE_SIGN_ENTITLEMENTS = CandyStore/CandyStore.entitlements;
				CODE_SIGN_IDENTITY = "Apple Development";
				CODE_SIGN_STYLE = Automatic;
				CURRENT_PROJECT_VERSION = 1;
				DEVELOPMENT_ASSET_PATHS = "\"CandyStore/Preview Content\"";
				DEVELOPMENT_TEAM = 4ANQ3N3WT4;
				ENABLE_PREVIEWS = YES;
				GENERATE_INFOPLIST_FILE = YES;
				INFOPLIST_FILE = CandyStore/Info.plist;
				INFOPLIST_KEY_UIApplicationSceneManifest_Generation = YES;
				INFOPLIST_KEY_UIApplicationSupportsIndirectInputEvents = YES;
				INFOPLIST_KEY_UILaunchScreen_Generation = YES;
				INFOPLIST_KEY_UIStatusBarHidden = YES;
				INFOPLIST_KEY_UISupportedInterfaceOrientations = UIInterfaceOrientationPortrait;
				INFOPLIST_KEY_UISupportedInterfaceOrientations_iPad = "UIInterfaceOrientationPortrait UIInterfaceOrientationPortraitUpsideDown UIInterfaceOrientationLandscapeLeft UIInterfaceOrientationLandscapeRight";
				INFOPLIST_KEY_UISupportedInterfaceOrientations_iPhone = "UIInterfaceOrientationPortrait UIInterfaceOrientationLandscapeLeft UIInterfaceOrientationLandscapeRight";
				LD_RUNPATH_SEARCH_PATHS = (
					"$(inherited)",
					"@executable_path/Frameworks",
				);
				MARKETING_VERSION = 1.0;
				PRODUCT_BUNDLE_IDENTIFIER = com.michaelmade.candystore;
				PRODUCT_NAME = "$(TARGET_NAME)";
				PROVISIONING_PROFILE_SPECIFIER = "";
				SWIFT_EMIT_LOC_STRINGS = YES;
				SWIFT_VERSION = 5.0;
				TARGETED_DEVICE_FAMILY = 1;
			};
			name = Release;
		};
		A521F20F27EE423400EECF20 /* Debug */ = {
			isa = XCBuildConfiguration;
			buildSettings = {
				ALWAYS_EMBED_SWIFT_STANDARD_LIBRARIES = YES;
				BUNDLE_LOADER = "$(TEST_HOST)";
				CODE_SIGN_STYLE = Automatic;
				CURRENT_PROJECT_VERSION = 1;
				DEVELOPMENT_TEAM = 4ANQ3N3WT4;
				GENERATE_INFOPLIST_FILE = YES;
				IPHONEOS_DEPLOYMENT_TARGET = 15.4;
				MARKETING_VERSION = 1.0;
				PRODUCT_BUNDLE_IDENTIFIER = com.michaelmade.CandyStoreTests;
				PRODUCT_NAME = "$(TARGET_NAME)";
				SWIFT_EMIT_LOC_STRINGS = NO;
				SWIFT_VERSION = 5.0;
				TARGETED_DEVICE_FAMILY = "1,2";
				TEST_HOST = "$(BUILT_PRODUCTS_DIR)/CandyStore.app/CandyStore";
			};
			name = Debug;
		};
		A521F21027EE423400EECF20 /* Release */ = {
			isa = XCBuildConfiguration;
			buildSettings = {
				ALWAYS_EMBED_SWIFT_STANDARD_LIBRARIES = YES;
				BUNDLE_LOADER = "$(TEST_HOST)";
				CODE_SIGN_STYLE = Automatic;
				CURRENT_PROJECT_VERSION = 1;
				DEVELOPMENT_TEAM = 4ANQ3N3WT4;
				GENERATE_INFOPLIST_FILE = YES;
				IPHONEOS_DEPLOYMENT_TARGET = 15.4;
				MARKETING_VERSION = 1.0;
				PRODUCT_BUNDLE_IDENTIFIER = com.michaelmade.CandyStoreTests;
				PRODUCT_NAME = "$(TARGET_NAME)";
				SWIFT_EMIT_LOC_STRINGS = NO;
				SWIFT_VERSION = 5.0;
				TARGETED_DEVICE_FAMILY = "1,2";
				TEST_HOST = "$(BUILT_PRODUCTS_DIR)/CandyStore.app/CandyStore";
			};
			name = Release;
		};
		A521F21227EE423400EECF20 /* Debug */ = {
			isa = XCBuildConfiguration;
			buildSettings = {
				ALWAYS_EMBED_SWIFT_STANDARD_LIBRARIES = YES;
				CODE_SIGN_STYLE = Automatic;
				CURRENT_PROJECT_VERSION = 1;
				DEVELOPMENT_TEAM = 4ANQ3N3WT4;
				GENERATE_INFOPLIST_FILE = YES;
				MARKETING_VERSION = 1.0;
				PRODUCT_BUNDLE_IDENTIFIER = com.michaelmade.CandyStoreUITests;
				PRODUCT_NAME = "$(TARGET_NAME)";
				SWIFT_EMIT_LOC_STRINGS = NO;
				SWIFT_VERSION = 5.0;
				TARGETED_DEVICE_FAMILY = "1,2";
				TEST_TARGET_NAME = CandyStore;
			};
			name = Debug;
		};
		A521F21327EE423400EECF20 /* Release */ = {
			isa = XCBuildConfiguration;
			buildSettings = {
				ALWAYS_EMBED_SWIFT_STANDARD_LIBRARIES = YES;
				CODE_SIGN_STYLE = Automatic;
				CURRENT_PROJECT_VERSION = 1;
				DEVELOPMENT_TEAM = 4ANQ3N3WT4;
				GENERATE_INFOPLIST_FILE = YES;
				MARKETING_VERSION = 1.0;
				PRODUCT_BUNDLE_IDENTIFIER = com.michaelmade.CandyStoreUITests;
				PRODUCT_NAME = "$(TARGET_NAME)";
				SWIFT_EMIT_LOC_STRINGS = NO;
				SWIFT_VERSION = 5.0;
				TARGETED_DEVICE_FAMILY = "1,2";
				TEST_TARGET_NAME = CandyStore;
			};
			name = Release;
		};
/* End XCBuildConfiguration section */

/* Begin XCConfigurationList section */
		A521F1E227EE423200EECF20 /* Build configuration list for PBXProject "CandyStore" */ = {
			isa = XCConfigurationList;
			buildConfigurations = (
				A521F20927EE423400EECF20 /* Debug */,
				A521F20A27EE423400EECF20 /* Release */,
			);
			defaultConfigurationIsVisible = 0;
			defaultConfigurationName = Release;
		};
		A521F20B27EE423400EECF20 /* Build configuration list for PBXNativeTarget "CandyStore" */ = {
			isa = XCConfigurationList;
			buildConfigurations = (
				A521F20C27EE423400EECF20 /* Debug */,
				A521F20D27EE423400EECF20 /* Release */,
			);
			defaultConfigurationIsVisible = 0;
			defaultConfigurationName = Release;
		};
		A521F20E27EE423400EECF20 /* Build configuration list for PBXNativeTarget "CandyStoreTests" */ = {
			isa = XCConfigurationList;
			buildConfigurations = (
				A521F20F27EE423400EECF20 /* Debug */,
				A521F21027EE423400EECF20 /* Release */,
			);
			defaultConfigurationIsVisible = 0;
			defaultConfigurationName = Release;
		};
		A521F21127EE423400EECF20 /* Build configuration list for PBXNativeTarget "CandyStoreUITests" */ = {
			isa = XCConfigurationList;
			buildConfigurations = (
				A521F21227EE423400EECF20 /* Debug */,
				A521F21327EE423400EECF20 /* Release */,
			);
			defaultConfigurationIsVisible = 0;
			defaultConfigurationName = Release;
		};
/* End XCConfigurationList section */

/* Begin XCRemoteSwiftPackageReference section */
		A50EDFAD280621630056DCE4 /* XCRemoteSwiftPackageReference "firebase-ios-sdk" */ = {
			isa = XCRemoteSwiftPackageReference;
			repositoryURL = "https://github.com/firebase/firebase-ios-sdk";
			requirement = {
				kind = upToNextMajorVersion;
				minimumVersion = 8.0.0;
			};
		};
		A523455927F838D0007AFACC /* XCRemoteSwiftPackageReference "SDWebImageSwiftUI" */ = {
			isa = XCRemoteSwiftPackageReference;
			repositoryURL = "https://github.com/SDWebImage/SDWebImageSwiftUI.git";
			requirement = {
				kind = upToNextMajorVersion;
				minimumVersion = 2.0.0;
			};
		};
/* End XCRemoteSwiftPackageReference section */

/* Begin XCSwiftPackageProductDependency section */
		A50EDFAE280621630056DCE4 /* FirebaseAnalytics */ = {
			isa = XCSwiftPackageProductDependency;
			package = A50EDFAD280621630056DCE4 /* XCRemoteSwiftPackageReference "firebase-ios-sdk" */;
			productName = FirebaseAnalytics;
		};
		A50EDFB0280621630056DCE4 /* FirebaseAnalyticsSwift-Beta */ = {
			isa = XCSwiftPackageProductDependency;
			package = A50EDFAD280621630056DCE4 /* XCRemoteSwiftPackageReference "firebase-ios-sdk" */;
			productName = "FirebaseAnalyticsSwift-Beta";
		};
		A50EDFB2280621630056DCE4 /* FirebaseAuth */ = {
			isa = XCSwiftPackageProductDependency;
			package = A50EDFAD280621630056DCE4 /* XCRemoteSwiftPackageReference "firebase-ios-sdk" */;
			productName = FirebaseAuth;
		};
		A50EDFB4280621630056DCE4 /* FirebaseAuthCombine-Community */ = {
			isa = XCSwiftPackageProductDependency;
			package = A50EDFAD280621630056DCE4 /* XCRemoteSwiftPackageReference "firebase-ios-sdk" */;
			productName = "FirebaseAuthCombine-Community";
		};
		A50EDFB6280621630056DCE4 /* FirebaseFirestore */ = {
			isa = XCSwiftPackageProductDependency;
			package = A50EDFAD280621630056DCE4 /* XCRemoteSwiftPackageReference "firebase-ios-sdk" */;
			productName = FirebaseFirestore;
		};
		A50EDFB8280621630056DCE4 /* FirebaseFirestoreCombine-Community */ = {
			isa = XCSwiftPackageProductDependency;
			package = A50EDFAD280621630056DCE4 /* XCRemoteSwiftPackageReference "firebase-ios-sdk" */;
			productName = "FirebaseFirestoreCombine-Community";
		};
		A50EDFBA280621630056DCE4 /* FirebaseFirestoreSwift-Beta */ = {
			isa = XCSwiftPackageProductDependency;
			package = A50EDFAD280621630056DCE4 /* XCRemoteSwiftPackageReference "firebase-ios-sdk" */;
			productName = "FirebaseFirestoreSwift-Beta";
		};
		A523455A27F838D0007AFACC /* SDWebImageSwiftUI */ = {
			isa = XCSwiftPackageProductDependency;
			package = A523455927F838D0007AFACC /* XCRemoteSwiftPackageReference "SDWebImageSwiftUI" */;
			productName = SDWebImageSwiftUI;
		};
/* End XCSwiftPackageProductDependency section */
	};
	rootObject = A521F1DF27EE423200EECF20 /* Project object */;
}
